// !$*UTF8*$!
{
	archiveVersion = 1;
	classes = {
	};
	objectVersion = 46;
	objects = {

/* Begin PBXBuildFile section */
		B31FB3BF1A6DA91C00A2D734 /* WeshappRedButton.swift in Sources */ = {isa = PBXBuildFile; fileRef = B31FB3BE1A6DA91C00A2D734 /* WeshappRedButton.swift */; };
		B31FB3C31A6DAEC800A2D734 /* Main.storyboard in Resources */ = {isa = PBXBuildFile; fileRef = B31FB3C21A6DAEC800A2D734 /* Main.storyboard */; };
		B32E55A01A74EC13007F88B0 /* WeshappNavBar.swift in Sources */ = {isa = PBXBuildFile; fileRef = B32E559F1A74EC13007F88B0 /* WeshappNavBar.swift */; };
		B35D0AF81A7252E200B95A9B /* WeshappFilters.swift in Sources */ = {isa = PBXBuildFile; fileRef = B35D0AF71A7252E200B95A9B /* WeshappFilters.swift */; };
		B362BD031A5A667D0028B280 /* WeshApp.xcdatamodeld in Sources */ = {isa = PBXBuildFile; fileRef = B362BD011A5A667D0028B280 /* WeshApp.xcdatamodeld */; };
		B36E68471A6C3AF7002B951A /* Designables.h in Headers */ = {isa = PBXBuildFile; fileRef = B36E68461A6C3AF7002B951A /* Designables.h */; settings = {ATTRIBUTES = (Public, ); }; };
		B36E68591A6C3AF7002B951A /* Designables.framework in Frameworks */ = {isa = PBXBuildFile; fileRef = B36E68421A6C3AF7002B951A /* Designables.framework */; };
		B36E685A1A6C3AF7002B951A /* Designables.framework in Embed Frameworks */ = {isa = PBXBuildFile; fileRef = B36E68421A6C3AF7002B951A /* Designables.framework */; settings = {ATTRIBUTES = (CodeSignOnCopy, RemoveHeadersOnCopy, ); }; };
		B36E68621A6C3B88002B951A /* WeshappTextField.swift in Sources */ = {isa = PBXBuildFile; fileRef = B36E68611A6C3B88002B951A /* WeshappTextField.swift */; };
		B36E686A1A6C4798002B951A /* TitilliumText25L.otf in Resources */ = {isa = PBXBuildFile; fileRef = B36E68641A6C4798002B951A /* TitilliumText25L.otf */; };
		B36E686B1A6C4798002B951A /* TitilliumText25L001.otf in Resources */ = {isa = PBXBuildFile; fileRef = B36E68651A6C4798002B951A /* TitilliumText25L001.otf */; };
		B36E686C1A6C4798002B951A /* TitilliumText25L002.otf in Resources */ = {isa = PBXBuildFile; fileRef = B36E68661A6C4798002B951A /* TitilliumText25L002.otf */; };
		B36E686D1A6C4798002B951A /* TitilliumText25L003.otf in Resources */ = {isa = PBXBuildFile; fileRef = B36E68671A6C4798002B951A /* TitilliumText25L003.otf */; };
		B36E686E1A6C4798002B951A /* TitilliumText25L004.otf in Resources */ = {isa = PBXBuildFile; fileRef = B36E68681A6C4798002B951A /* TitilliumText25L004.otf */; };
		B36E686F1A6C4798002B951A /* TitilliumText25L005.otf in Resources */ = {isa = PBXBuildFile; fileRef = B36E68691A6C4798002B951A /* TitilliumText25L005.otf */; };
		B39062621A72875E00F6B048 /* GreenButton.swift in Sources */ = {isa = PBXBuildFile; fileRef = D8DC687C1A338FAA00AAF16D /* GreenButton.swift */; };
		B3B149561A65348300E08EAA /* BadgeMngr.swift in Sources */ = {isa = PBXBuildFile; fileRef = B3B149551A65348300E08EAA /* BadgeMngr.swift */; };
		B3B149571A65348300E08EAA /* BadgeMngr.swift in Sources */ = {isa = PBXBuildFile; fileRef = B3B149551A65348300E08EAA /* BadgeMngr.swift */; };
		B3CB2E241A690CCC00FBFED1 /* Channel.swift in Sources */ = {isa = PBXBuildFile; fileRef = B3CB2E231A690CCC00FBFED1 /* Channel.swift */; };
		B3CB2E261A690CCD00FBFED1 /* ProfilePhoto.swift in Sources */ = {isa = PBXBuildFile; fileRef = B3CB2E251A690CCD00FBFED1 /* ProfilePhoto.swift */; };
		B3CB2E281A690CCD00FBFED1 /* Tags.swift in Sources */ = {isa = PBXBuildFile; fileRef = B3CB2E271A690CCD00FBFED1 /* Tags.swift */; };
		B3CB2E2A1A690CCD00FBFED1 /* Badge.swift in Sources */ = {isa = PBXBuildFile; fileRef = B3CB2E291A690CCD00FBFED1 /* Badge.swift */; };
		B3CB2E2C1A690CCD00FBFED1 /* Profile.swift in Sources */ = {isa = PBXBuildFile; fileRef = B3CB2E2B1A690CCD00FBFED1 /* Profile.swift */; };
		B3CB2E341A690ECE00FBFED1 /* Post.swift in Sources */ = {isa = PBXBuildFile; fileRef = B3CB2E331A690ECE00FBFED1 /* Post.swift */; };
		B3D6CBC519FBD7160025140E /* CreateChannelVC.swift in Sources */ = {isa = PBXBuildFile; fileRef = B3D6CBC419FBD7160025140E /* CreateChannelVC.swift */; };
		B3D6CBE919FC4E510025140E /* NearbyTVC.swift in Sources */ = {isa = PBXBuildFile; fileRef = B3D6CBE819FC4E510025140E /* NearbyTVC.swift */; };
		B3D6CBF319FC5F9F0025140E /* ChannelVC.swift in Sources */ = {isa = PBXBuildFile; fileRef = B3D6CBF219FC5F9F0025140E /* ChannelVC.swift */; };
		B3D9F5A719F93AA400BF6257 /* AppDelegate.swift in Sources */ = {isa = PBXBuildFile; fileRef = B3D9F5A619F93AA400BF6257 /* AppDelegate.swift */; };
		B3D9F5B119F93AA400BF6257 /* Images.xcassets in Resources */ = {isa = PBXBuildFile; fileRef = B3D9F5B019F93AA400BF6257 /* Images.xcassets */; };
		B3D9F5B419F93AA400BF6257 /* LaunchScreen.xib in Resources */ = {isa = PBXBuildFile; fileRef = B3D9F5B219F93AA400BF6257 /* LaunchScreen.xib */; };
		B3D9F5CE19F93C4500BF6257 /* SplashVC.swift in Sources */ = {isa = PBXBuildFile; fileRef = B3D9F5CD19F93C4500BF6257 /* SplashVC.swift */; };
		B3E5E66219FD4B66000B8FB1 /* FullAddVC.swift in Sources */ = {isa = PBXBuildFile; fileRef = B3E5E66119FD4B66000B8FB1 /* FullAddVC.swift */; };
		B3E5E66419FD6226000B8FB1 /* ProfileVC.swift in Sources */ = {isa = PBXBuildFile; fileRef = B3E5E66319FD6226000B8FB1 /* ProfileVC.swift */; };
		B3EB823F1A028CE500235E03 /* SessionContainer.swift in Sources */ = {isa = PBXBuildFile; fileRef = B3EB823E1A028CE500235E03 /* SessionContainer.swift */; };
		D81FE27D1A236BC9006F8E62 /* SessionMngrTest.swift in Sources */ = {isa = PBXBuildFile; fileRef = D81FE27C1A236BC9006F8E62 /* SessionMngrTest.swift */; };
		D81FE27E1A237266006F8E62 /* SessionMngr.swift in Sources */ = {isa = PBXBuildFile; fileRef = D84BDF791A09494E004390D8 /* SessionMngr.swift */; };
		D81FE27F1A2377B4006F8E62 /* SessionContainer.swift in Sources */ = {isa = PBXBuildFile; fileRef = B3EB823E1A028CE500235E03 /* SessionContainer.swift */; };
		D81FFDC11A0BF94500C6294B /* misc in Resources */ = {isa = PBXBuildFile; fileRef = D81FFDC01A0BF94500C6294B /* misc */; };
		D84BDF7A1A09494E004390D8 /* SessionMngr.swift in Sources */ = {isa = PBXBuildFile; fileRef = D84BDF791A09494E004390D8 /* SessionMngr.swift */; };
		D85A86571A17AFE000398153 /* PostMngr.swift in Sources */ = {isa = PBXBuildFile; fileRef = D85A86561A17AFE000398153 /* PostMngr.swift */; };
		D85A865D1A17BFBE00398153 /* TranscriptMngrTest.swift in Sources */ = {isa = PBXBuildFile; fileRef = D85A865C1A17BFBE00398153 /* TranscriptMngrTest.swift */; };
		D85A86611A196C3100398153 /* ChannelMngr.swift in Sources */ = {isa = PBXBuildFile; fileRef = D85A86601A196C3100398153 /* ChannelMngr.swift */; };
		D85A86671A1972A700398153 /* ChannelMngrTest.swift in Sources */ = {isa = PBXBuildFile; fileRef = D85A86661A1972A700398153 /* ChannelMngrTest.swift */; };
		D870518A1A7C3E000081484A /* WeshappLabel.swift in Sources */ = {isa = PBXBuildFile; fileRef = D87051891A7C3E000081484A /* WeshappLabel.swift */; };
		D871CB581A1FD97E0024C7B7 /* ProfileMngr.swift in Sources */ = {isa = PBXBuildFile; fileRef = D8C0FD5C1A1279DE00F40134 /* ProfileMngr.swift */; };
		D871CB591A1FD9890024C7B7 /* CoreDataStack.swift in Sources */ = {isa = PBXBuildFile; fileRef = D8C0FD361A112C3300F40134 /* CoreDataStack.swift */; };
		D871CB5A1A1FD9890024C7B7 /* PostMngr.swift in Sources */ = {isa = PBXBuildFile; fileRef = D85A86561A17AFE000398153 /* PostMngr.swift */; };
		D871CB5B1A1FD9890024C7B7 /* ChannelMngr.swift in Sources */ = {isa = PBXBuildFile; fileRef = D85A86601A196C3100398153 /* ChannelMngr.swift */; };
		D877FA8D1A87B6EB00C0334B /* WeshappChevronSK.swift in Sources */ = {isa = PBXBuildFile; fileRef = D877FA8C1A87B6EB00C0334B /* WeshappChevronSK.swift */; };
		D877FA8F1A87B71500C0334B /* Chevron.swift in Sources */ = {isa = PBXBuildFile; fileRef = D877FA8E1A87B71500C0334B /* Chevron.swift */; };
		D87C9BA11A2B88D1002834C3 /* messi.jpg in Resources */ = {isa = PBXBuildFile; fileRef = D87C9BA01A2B88D1002834C3 /* messi.jpg */; };
		D87D58FE1A7A536C002ADA13 /* WeshappSegControl.swift in Sources */ = {isa = PBXBuildFile; fileRef = D87D58FD1A7A536C002ADA13 /* WeshappSegControl.swift */; };
		D885E88C1A8F691A00BD8E48 /* WeshappPlayPauseSK.swift in Sources */ = {isa = PBXBuildFile; fileRef = D885E88B1A8F691A00BD8E48 /* WeshappPlayPauseSK.swift */; };
		D885E88E1A8F695800BD8E48 /* PlayPause.swift in Sources */ = {isa = PBXBuildFile; fileRef = D885E88D1A8F695800BD8E48 /* PlayPause.swift */; };
		D885E8901A8F74F000BD8E48 /* FriendRequest.swift in Sources */ = {isa = PBXBuildFile; fileRef = D885E88F1A8F74F000BD8E48 /* FriendRequest.swift */; };
		D885E8921A8F754500BD8E48 /* WeshappFriendRequestSK.swift in Sources */ = {isa = PBXBuildFile; fileRef = D885E8911A8F754500BD8E48 /* WeshappFriendRequestSK.swift */; };
		D885E8941A8F7C0C00BD8E48 /* WeshappMsgIconSK.swift in Sources */ = {isa = PBXBuildFile; fileRef = D885E8931A8F7C0C00BD8E48 /* WeshappMsgIconSK.swift */; };
		D885E8961A8F7C1F00BD8E48 /* MsgIcon.swift in Sources */ = {isa = PBXBuildFile; fileRef = D885E8951A8F7C1F00BD8E48 /* MsgIcon.swift */; };
		D89144A31A714436008D8D75 /* CrossBarItem.swift in Sources */ = {isa = PBXBuildFile; fileRef = D89144A21A714436008D8D75 /* CrossBarItem.swift */; };
		D89144A51A71485F008D8D75 /* CrossIconSK.swift in Sources */ = {isa = PBXBuildFile; fileRef = D89144A41A71485F008D8D75 /* CrossIconSK.swift */; };
		D8C0FD371A112C3300F40134 /* CoreDataStack.swift in Sources */ = {isa = PBXBuildFile; fileRef = D8C0FD361A112C3300F40134 /* CoreDataStack.swift */; };
		D8C0FD5D1A1279DE00F40134 /* ProfileMngr.swift in Sources */ = {isa = PBXBuildFile; fileRef = D8C0FD5C1A1279DE00F40134 /* ProfileMngr.swift */; };
		D8C0FD611A127B5D00F40134 /* ProfileMngrTest.swift in Sources */ = {isa = PBXBuildFile; fileRef = D8C0FD601A127B5D00F40134 /* ProfileMngrTest.swift */; };
		D8C0FD6D1A12855200F40134 /* TestCoreDataStack.swift in Sources */ = {isa = PBXBuildFile; fileRef = D8C0FD541A11423B00F40134 /* TestCoreDataStack.swift */; };
		D8C224461A83E68F00CD083B /* ChannelTableViewCell.swift in Sources */ = {isa = PBXBuildFile; fileRef = D8C224451A83E68F00CD083B /* ChannelTableViewCell.swift */; };
		D8C224471A83E6DE00CD083B /* ChannelTableViewCell.swift in Sources */ = {isa = PBXBuildFile; fileRef = D8C224451A83E68F00CD083B /* ChannelTableViewCell.swift */; };
		D8C224481A83E6DF00CD083B /* ChannelTableViewCell.swift in Sources */ = {isa = PBXBuildFile; fileRef = D8C224451A83E68F00CD083B /* ChannelTableViewCell.swift */; };
		D8C224491A83E6DF00CD083B /* ChannelTableViewCell.swift in Sources */ = {isa = PBXBuildFile; fileRef = D8C224451A83E68F00CD083B /* ChannelTableViewCell.swift */; };
		D8C642261A46074E004A604A /* ChannelVC.swift in Sources */ = {isa = PBXBuildFile; fileRef = B3D6CBF219FC5F9F0025140E /* ChannelVC.swift */; };
		D8C6422E1A47594A004A604A /* ChannelWallTVC.swift in Sources */ = {isa = PBXBuildFile; fileRef = D8C6422D1A47594A004A604A /* ChannelWallTVC.swift */; };
		D8C6422F1A47594A004A604A /* ChannelWallTVC.swift in Sources */ = {isa = PBXBuildFile; fileRef = D8C6422D1A47594A004A604A /* ChannelWallTVC.swift */; };
		D8C6425F1A4C71C2004A604A /* WallPostTableViewCell.swift in Sources */ = {isa = PBXBuildFile; fileRef = D8C6425E1A4C71C2004A604A /* WallPostTableViewCell.swift */; };
		D8C642601A4C7725004A604A /* WallPostTableViewCell.swift in Sources */ = {isa = PBXBuildFile; fileRef = D8C6425E1A4C71C2004A604A /* WallPostTableViewCell.swift */; };
		D8CADF051A2E237700DD43C8 /* LocalChannelListTest.swift in Sources */ = {isa = PBXBuildFile; fileRef = D8CADF041A2E237700DD43C8 /* LocalChannelListTest.swift */; };
		D8CADF0A1A2F311E00DD43C8 /* NearbyTVC.swift in Sources */ = {isa = PBXBuildFile; fileRef = B3D6CBE819FC4E510025140E /* NearbyTVC.swift */; };
		D8CADF0B1A2F313600DD43C8 /* AppDelegate.swift in Sources */ = {isa = PBXBuildFile; fileRef = B3D9F5A619F93AA400BF6257 /* AppDelegate.swift */; };
		D8D2A1031A84DF32008DC0AF /* WeshappRedButtonSK.swift in Sources */ = {isa = PBXBuildFile; fileRef = D8D2A1021A84DF32008DC0AF /* WeshappRedButtonSK.swift */; };
		D8D9342D1A288DB00055079E /* NSManageObjectSerializationTest.swift in Sources */ = {isa = PBXBuildFile; fileRef = D8D9342C1A288DB00055079E /* NSManageObjectSerializationTest.swift */; };
		D8DA2A351A693F410098C5E6 /* Post.swift in Sources */ = {isa = PBXBuildFile; fileRef = B3CB2E331A690ECE00FBFED1 /* Post.swift */; };
		D8DA2A361A693F4F0098C5E6 /* Badge.swift in Sources */ = {isa = PBXBuildFile; fileRef = B3CB2E291A690CCD00FBFED1 /* Badge.swift */; };
		D8DA2A371A693F520098C5E6 /* Channel.swift in Sources */ = {isa = PBXBuildFile; fileRef = B3CB2E231A690CCC00FBFED1 /* Channel.swift */; };
		D8DA2A381A693F600098C5E6 /* Profile.swift in Sources */ = {isa = PBXBuildFile; fileRef = B3CB2E2B1A690CCD00FBFED1 /* Profile.swift */; };
		D8DA2A391A693F630098C5E6 /* Tags.swift in Sources */ = {isa = PBXBuildFile; fileRef = B3CB2E271A690CCD00FBFED1 /* Tags.swift */; };
		D8DA2A3A1A693F660098C5E6 /* ProfilePhoto.swift in Sources */ = {isa = PBXBuildFile; fileRef = B3CB2E251A690CCD00FBFED1 /* ProfilePhoto.swift */; };
		D8DC68551A337CC800AAF16D /* WeshAppLibrary.h in Headers */ = {isa = PBXBuildFile; fileRef = D8DC68541A337CC800AAF16D /* WeshAppLibrary.h */; settings = {ATTRIBUTES = (Public, ); }; };
		D8DC68671A337CC800AAF16D /* WeshAppLibrary.framework in Frameworks */ = {isa = PBXBuildFile; fileRef = D8DC68501A337CC800AAF16D /* WeshAppLibrary.framework */; };
		D8DC68681A337CC800AAF16D /* WeshAppLibrary.framework in Embed Frameworks */ = {isa = PBXBuildFile; fileRef = D8DC68501A337CC800AAF16D /* WeshAppLibrary.framework */; settings = {ATTRIBUTES = (CodeSignOnCopy, RemoveHeadersOnCopy, ); }; };
		D8DC68711A337D7B00AAF16D /* ObjCWrapperFunctions.swift in Sources */ = {isa = PBXBuildFile; fileRef = D8DC68701A337D7B00AAF16D /* ObjCWrapperFunctions.swift */; };
		D8DC68811A338FAA00AAF16D /* BorderTextView.swift in Sources */ = {isa = PBXBuildFile; fileRef = D8DC687B1A338FAA00AAF16D /* BorderTextView.swift */; };
		D8DC68821A338FAA00AAF16D /* GreenButton.swift in Sources */ = {isa = PBXBuildFile; fileRef = D8DC687C1A338FAA00AAF16D /* GreenButton.swift */; };
		D8DC68851A338FAA00AAF16D /* OrangeButton.swift in Sources */ = {isa = PBXBuildFile; fileRef = D8DC687F1A338FAA00AAF16D /* OrangeButton.swift */; };
		D8DC68861A338FAA00AAF16D /* TextFieldSendView.swift in Sources */ = {isa = PBXBuildFile; fileRef = D8DC68801A338FAA00AAF16D /* TextFieldSendView.swift */; };
		D8DC68881A33910E00AAF16D /* NSManagedObject.swift in Sources */ = {isa = PBXBuildFile; fileRef = D8DC68871A33910E00AAF16D /* NSManagedObject.swift */; };
/* End PBXBuildFile section */

/* Begin PBXContainerItemProxy section */
		B36E68571A6C3AF7002B951A /* PBXContainerItemProxy */ = {
			isa = PBXContainerItemProxy;
			containerPortal = B3D9F59919F93AA400BF6257 /* Project object */;
			proxyType = 1;
			remoteGlobalIDString = B36E68411A6C3AF7002B951A;
			remoteInfo = Designables;
		};
		B3D9F5BA19F93AA400BF6257 /* PBXContainerItemProxy */ = {
			isa = PBXContainerItemProxy;
			containerPortal = B3D9F59919F93AA400BF6257 /* Project object */;
			proxyType = 1;
			remoteGlobalIDString = B3D9F5A019F93AA400BF6257;
			remoteInfo = WeshApp;
		};
		D8DC68651A337CC800AAF16D /* PBXContainerItemProxy */ = {
			isa = PBXContainerItemProxy;
			containerPortal = B3D9F59919F93AA400BF6257 /* Project object */;
			proxyType = 1;
			remoteGlobalIDString = D8DC684F1A337CC800AAF16D;
			remoteInfo = WeshAppLibrary;
		};
/* End PBXContainerItemProxy section */

/* Begin PBXCopyFilesBuildPhase section */
		D8DC686E1A337CC900AAF16D /* Embed Frameworks */ = {
			isa = PBXCopyFilesBuildPhase;
			buildActionMask = 2147483647;
			dstPath = "";
			dstSubfolderSpec = 10;
			files = (
				B36E685A1A6C3AF7002B951A /* Designables.framework in Embed Frameworks */,
				D8DC68681A337CC800AAF16D /* WeshAppLibrary.framework in Embed Frameworks */,
			);
			name = "Embed Frameworks";
			runOnlyForDeploymentPostprocessing = 0;
		};
/* End PBXCopyFilesBuildPhase section */

/* Begin PBXFileReference section */
		B31FB3BE1A6DA91C00A2D734 /* WeshappRedButton.swift */ = {isa = PBXFileReference; fileEncoding = 4; lastKnownFileType = sourcecode.swift; path = WeshappRedButton.swift; sourceTree = "<group>"; };
		B31FB3C21A6DAEC800A2D734 /* Main.storyboard */ = {isa = PBXFileReference; fileEncoding = 4; lastKnownFileType = file.storyboard; path = Main.storyboard; sourceTree = "<group>"; };
		B32E559F1A74EC13007F88B0 /* WeshappNavBar.swift */ = {isa = PBXFileReference; fileEncoding = 4; lastKnownFileType = sourcecode.swift; path = WeshappNavBar.swift; sourceTree = "<group>"; };
		B35D0AF71A7252E200B95A9B /* WeshappFilters.swift */ = {isa = PBXFileReference; fileEncoding = 4; lastKnownFileType = sourcecode.swift; path = WeshappFilters.swift; sourceTree = "<group>"; };
		B362BD021A5A667D0028B280 /* WeshApp.xcdatamodel */ = {isa = PBXFileReference; lastKnownFileType = wrapper.xcdatamodel; path = WeshApp.xcdatamodel; sourceTree = "<group>"; };
		B36E68421A6C3AF7002B951A /* Designables.framework */ = {isa = PBXFileReference; explicitFileType = wrapper.framework; includeInIndex = 0; path = Designables.framework; sourceTree = BUILT_PRODUCTS_DIR; };
		B36E68451A6C3AF7002B951A /* Info.plist */ = {isa = PBXFileReference; lastKnownFileType = text.plist.xml; path = Info.plist; sourceTree = "<group>"; };
		B36E68461A6C3AF7002B951A /* Designables.h */ = {isa = PBXFileReference; lastKnownFileType = sourcecode.c.h; path = Designables.h; sourceTree = "<group>"; };
		B36E68611A6C3B88002B951A /* WeshappTextField.swift */ = {isa = PBXFileReference; fileEncoding = 4; lastKnownFileType = sourcecode.swift; path = WeshappTextField.swift; sourceTree = "<group>"; };
		B36E68641A6C4798002B951A /* TitilliumText25L.otf */ = {isa = PBXFileReference; lastKnownFileType = file; path = TitilliumText25L.otf; sourceTree = "<group>"; };
		B36E68651A6C4798002B951A /* TitilliumText25L001.otf */ = {isa = PBXFileReference; lastKnownFileType = file; path = TitilliumText25L001.otf; sourceTree = "<group>"; };
		B36E68661A6C4798002B951A /* TitilliumText25L002.otf */ = {isa = PBXFileReference; lastKnownFileType = file; path = TitilliumText25L002.otf; sourceTree = "<group>"; };
		B36E68671A6C4798002B951A /* TitilliumText25L003.otf */ = {isa = PBXFileReference; lastKnownFileType = file; path = TitilliumText25L003.otf; sourceTree = "<group>"; };
		B36E68681A6C4798002B951A /* TitilliumText25L004.otf */ = {isa = PBXFileReference; lastKnownFileType = file; path = TitilliumText25L004.otf; sourceTree = "<group>"; };
		B36E68691A6C4798002B951A /* TitilliumText25L005.otf */ = {isa = PBXFileReference; lastKnownFileType = file; path = TitilliumText25L005.otf; sourceTree = "<group>"; };
		B3B149551A65348300E08EAA /* BadgeMngr.swift */ = {isa = PBXFileReference; fileEncoding = 4; lastKnownFileType = sourcecode.swift; path = BadgeMngr.swift; sourceTree = "<group>"; };
		B3CB2E231A690CCC00FBFED1 /* Channel.swift */ = {isa = PBXFileReference; fileEncoding = 4; lastKnownFileType = sourcecode.swift; path = Channel.swift; sourceTree = "<group>"; };
		B3CB2E251A690CCD00FBFED1 /* ProfilePhoto.swift */ = {isa = PBXFileReference; fileEncoding = 4; lastKnownFileType = sourcecode.swift; path = ProfilePhoto.swift; sourceTree = "<group>"; };
		B3CB2E271A690CCD00FBFED1 /* Tags.swift */ = {isa = PBXFileReference; fileEncoding = 4; lastKnownFileType = sourcecode.swift; path = Tags.swift; sourceTree = "<group>"; };
		B3CB2E291A690CCD00FBFED1 /* Badge.swift */ = {isa = PBXFileReference; fileEncoding = 4; lastKnownFileType = sourcecode.swift; path = Badge.swift; sourceTree = "<group>"; };
		B3CB2E2B1A690CCD00FBFED1 /* Profile.swift */ = {isa = PBXFileReference; fileEncoding = 4; lastKnownFileType = sourcecode.swift; path = Profile.swift; sourceTree = "<group>"; };
		B3CB2E331A690ECE00FBFED1 /* Post.swift */ = {isa = PBXFileReference; fileEncoding = 4; lastKnownFileType = sourcecode.swift; path = Post.swift; sourceTree = "<group>"; };
		B3D6CBC419FBD7160025140E /* CreateChannelVC.swift */ = {isa = PBXFileReference; fileEncoding = 4; lastKnownFileType = sourcecode.swift; path = CreateChannelVC.swift; sourceTree = "<group>"; };
		B3D6CBE819FC4E510025140E /* NearbyTVC.swift */ = {isa = PBXFileReference; fileEncoding = 4; lastKnownFileType = sourcecode.swift; path = NearbyTVC.swift; sourceTree = "<group>"; };
		B3D6CBF219FC5F9F0025140E /* ChannelVC.swift */ = {isa = PBXFileReference; fileEncoding = 4; lastKnownFileType = sourcecode.swift; path = ChannelVC.swift; sourceTree = "<group>"; };
		B3D9F5A119F93AA400BF6257 /* WeshApp.app */ = {isa = PBXFileReference; explicitFileType = wrapper.application; includeInIndex = 0; path = WeshApp.app; sourceTree = BUILT_PRODUCTS_DIR; };
		B3D9F5A519F93AA400BF6257 /* Info.plist */ = {isa = PBXFileReference; lastKnownFileType = text.plist.xml; path = Info.plist; sourceTree = "<group>"; };
		B3D9F5A619F93AA400BF6257 /* AppDelegate.swift */ = {isa = PBXFileReference; lastKnownFileType = sourcecode.swift; path = AppDelegate.swift; sourceTree = "<group>"; };
		B3D9F5B019F93AA400BF6257 /* Images.xcassets */ = {isa = PBXFileReference; lastKnownFileType = folder.assetcatalog; path = Images.xcassets; sourceTree = "<group>"; };
		B3D9F5B319F93AA400BF6257 /* Base */ = {isa = PBXFileReference; lastKnownFileType = file.xib; name = Base; path = Base.lproj/LaunchScreen.xib; sourceTree = "<group>"; };
		B3D9F5B919F93AA400BF6257 /* WeshAppTests.xctest */ = {isa = PBXFileReference; explicitFileType = wrapper.cfbundle; includeInIndex = 0; path = WeshAppTests.xctest; sourceTree = BUILT_PRODUCTS_DIR; };
		B3D9F5BE19F93AA400BF6257 /* Info.plist */ = {isa = PBXFileReference; lastKnownFileType = text.plist.xml; path = Info.plist; sourceTree = "<group>"; };
		B3D9F5CD19F93C4500BF6257 /* SplashVC.swift */ = {isa = PBXFileReference; fileEncoding = 4; lastKnownFileType = sourcecode.swift; path = SplashVC.swift; sourceTree = "<group>"; };
		B3E5E66119FD4B66000B8FB1 /* FullAddVC.swift */ = {isa = PBXFileReference; fileEncoding = 4; lastKnownFileType = sourcecode.swift; path = FullAddVC.swift; sourceTree = "<group>"; };
		B3E5E66319FD6226000B8FB1 /* ProfileVC.swift */ = {isa = PBXFileReference; fileEncoding = 4; lastKnownFileType = sourcecode.swift; path = ProfileVC.swift; sourceTree = "<group>"; };
		B3EB823E1A028CE500235E03 /* SessionContainer.swift */ = {isa = PBXFileReference; fileEncoding = 4; lastKnownFileType = sourcecode.swift; path = SessionContainer.swift; sourceTree = "<group>"; };
		D81FE27C1A236BC9006F8E62 /* SessionMngrTest.swift */ = {isa = PBXFileReference; fileEncoding = 4; lastKnownFileType = sourcecode.swift; path = SessionMngrTest.swift; sourceTree = "<group>"; };
		D81FFDC01A0BF94500C6294B /* misc */ = {isa = PBXFileReference; fileEncoding = 4; lastKnownFileType = text; path = misc; sourceTree = "<group>"; };
		D84BDF791A09494E004390D8 /* SessionMngr.swift */ = {isa = PBXFileReference; fileEncoding = 4; lastKnownFileType = sourcecode.swift; path = SessionMngr.swift; sourceTree = "<group>"; };
		D85A86561A17AFE000398153 /* PostMngr.swift */ = {isa = PBXFileReference; fileEncoding = 4; lastKnownFileType = sourcecode.swift; path = PostMngr.swift; sourceTree = "<group>"; };
		D85A865C1A17BFBE00398153 /* TranscriptMngrTest.swift */ = {isa = PBXFileReference; fileEncoding = 4; lastKnownFileType = sourcecode.swift; path = TranscriptMngrTest.swift; sourceTree = "<group>"; };
		D85A86601A196C3100398153 /* ChannelMngr.swift */ = {isa = PBXFileReference; fileEncoding = 4; lastKnownFileType = sourcecode.swift; path = ChannelMngr.swift; sourceTree = "<group>"; };
		D85A86661A1972A700398153 /* ChannelMngrTest.swift */ = {isa = PBXFileReference; fileEncoding = 4; lastKnownFileType = sourcecode.swift; path = ChannelMngrTest.swift; sourceTree = "<group>"; };
		D87051891A7C3E000081484A /* WeshappLabel.swift */ = {isa = PBXFileReference; fileEncoding = 4; lastKnownFileType = sourcecode.swift; path = WeshappLabel.swift; sourceTree = "<group>"; };
		D877FA8C1A87B6EB00C0334B /* WeshappChevronSK.swift */ = {isa = PBXFileReference; fileEncoding = 4; lastKnownFileType = sourcecode.swift; path = WeshappChevronSK.swift; sourceTree = "<group>"; };
		D877FA8E1A87B71500C0334B /* Chevron.swift */ = {isa = PBXFileReference; fileEncoding = 4; lastKnownFileType = sourcecode.swift; path = Chevron.swift; sourceTree = "<group>"; };
		D87C9BA01A2B88D1002834C3 /* messi.jpg */ = {isa = PBXFileReference; lastKnownFileType = image.jpeg; path = messi.jpg; sourceTree = "<group>"; };
		D87D58FD1A7A536C002ADA13 /* WeshappSegControl.swift */ = {isa = PBXFileReference; fileEncoding = 4; lastKnownFileType = sourcecode.swift; path = WeshappSegControl.swift; sourceTree = "<group>"; };
		D885E88B1A8F691A00BD8E48 /* WeshappPlayPauseSK.swift */ = {isa = PBXFileReference; fileEncoding = 4; lastKnownFileType = sourcecode.swift; path = WeshappPlayPauseSK.swift; sourceTree = "<group>"; };
		D885E88D1A8F695800BD8E48 /* PlayPause.swift */ = {isa = PBXFileReference; fileEncoding = 4; lastKnownFileType = sourcecode.swift; path = PlayPause.swift; sourceTree = "<group>"; };
		D885E88F1A8F74F000BD8E48 /* FriendRequest.swift */ = {isa = PBXFileReference; fileEncoding = 4; lastKnownFileType = sourcecode.swift; path = FriendRequest.swift; sourceTree = "<group>"; };
		D885E8911A8F754500BD8E48 /* WeshappFriendRequestSK.swift */ = {isa = PBXFileReference; fileEncoding = 4; lastKnownFileType = sourcecode.swift; path = WeshappFriendRequestSK.swift; sourceTree = "<group>"; };
		D885E8931A8F7C0C00BD8E48 /* WeshappMsgIconSK.swift */ = {isa = PBXFileReference; fileEncoding = 4; lastKnownFileType = sourcecode.swift; path = WeshappMsgIconSK.swift; sourceTree = "<group>"; };
		D885E8951A8F7C1F00BD8E48 /* MsgIcon.swift */ = {isa = PBXFileReference; fileEncoding = 4; lastKnownFileType = sourcecode.swift; path = MsgIcon.swift; sourceTree = "<group>"; };
		D89144A21A714436008D8D75 /* CrossBarItem.swift */ = {isa = PBXFileReference; fileEncoding = 4; lastKnownFileType = sourcecode.swift; path = CrossBarItem.swift; sourceTree = "<group>"; };
		D89144A41A71485F008D8D75 /* CrossIconSK.swift */ = {isa = PBXFileReference; fileEncoding = 4; lastKnownFileType = sourcecode.swift; path = CrossIconSK.swift; sourceTree = "<group>"; };
		D8C0FD361A112C3300F40134 /* CoreDataStack.swift */ = {isa = PBXFileReference; fileEncoding = 4; lastKnownFileType = sourcecode.swift; path = CoreDataStack.swift; sourceTree = "<group>"; };
		D8C0FD541A11423B00F40134 /* TestCoreDataStack.swift */ = {isa = PBXFileReference; fileEncoding = 4; lastKnownFileType = sourcecode.swift; path = TestCoreDataStack.swift; sourceTree = "<group>"; };
		D8C0FD5C1A1279DE00F40134 /* ProfileMngr.swift */ = {isa = PBXFileReference; fileEncoding = 4; lastKnownFileType = sourcecode.swift; path = ProfileMngr.swift; sourceTree = "<group>"; };
		D8C0FD601A127B5D00F40134 /* ProfileMngrTest.swift */ = {isa = PBXFileReference; fileEncoding = 4; lastKnownFileType = sourcecode.swift; path = ProfileMngrTest.swift; sourceTree = "<group>"; };
		D8C224451A83E68F00CD083B /* ChannelTableViewCell.swift */ = {isa = PBXFileReference; fileEncoding = 4; lastKnownFileType = sourcecode.swift; path = ChannelTableViewCell.swift; sourceTree = "<group>"; };
		D8C6422D1A47594A004A604A /* ChannelWallTVC.swift */ = {isa = PBXFileReference; fileEncoding = 4; lastKnownFileType = sourcecode.swift; path = ChannelWallTVC.swift; sourceTree = "<group>"; };
		D8C6425E1A4C71C2004A604A /* WallPostTableViewCell.swift */ = {isa = PBXFileReference; fileEncoding = 4; lastKnownFileType = sourcecode.swift; path = WallPostTableViewCell.swift; sourceTree = "<group>"; };
		D8CADF041A2E237700DD43C8 /* LocalChannelListTest.swift */ = {isa = PBXFileReference; fileEncoding = 4; lastKnownFileType = sourcecode.swift; path = LocalChannelListTest.swift; sourceTree = "<group>"; };
		D8D2A1021A84DF32008DC0AF /* WeshappRedButtonSK.swift */ = {isa = PBXFileReference; fileEncoding = 4; lastKnownFileType = sourcecode.swift; path = WeshappRedButtonSK.swift; sourceTree = "<group>"; };
		D8D9342C1A288DB00055079E /* NSManageObjectSerializationTest.swift */ = {isa = PBXFileReference; fileEncoding = 4; lastKnownFileType = sourcecode.swift; path = NSManageObjectSerializationTest.swift; sourceTree = "<group>"; };
		D8DC68501A337CC800AAF16D /* WeshAppLibrary.framework */ = {isa = PBXFileReference; explicitFileType = wrapper.framework; includeInIndex = 0; path = WeshAppLibrary.framework; sourceTree = BUILT_PRODUCTS_DIR; };
		D8DC68531A337CC800AAF16D /* Info.plist */ = {isa = PBXFileReference; lastKnownFileType = text.plist.xml; path = Info.plist; sourceTree = "<group>"; };
		D8DC68541A337CC800AAF16D /* WeshAppLibrary.h */ = {isa = PBXFileReference; lastKnownFileType = sourcecode.c.h; path = WeshAppLibrary.h; sourceTree = "<group>"; };
		D8DC68701A337D7B00AAF16D /* ObjCWrapperFunctions.swift */ = {isa = PBXFileReference; fileEncoding = 4; lastKnownFileType = sourcecode.swift; path = ObjCWrapperFunctions.swift; sourceTree = "<group>"; };
		D8DC687B1A338FAA00AAF16D /* BorderTextView.swift */ = {isa = PBXFileReference; fileEncoding = 4; lastKnownFileType = sourcecode.swift; name = BorderTextView.swift; path = ../WeshApp/BorderTextView.swift; sourceTree = "<group>"; };
		D8DC687C1A338FAA00AAF16D /* GreenButton.swift */ = {isa = PBXFileReference; fileEncoding = 4; lastKnownFileType = sourcecode.swift; name = GreenButton.swift; path = ../WeshApp/GreenButton.swift; sourceTree = "<group>"; };
		D8DC687F1A338FAA00AAF16D /* OrangeButton.swift */ = {isa = PBXFileReference; fileEncoding = 4; lastKnownFileType = sourcecode.swift; name = OrangeButton.swift; path = ../WeshApp/OrangeButton.swift; sourceTree = "<group>"; };
		D8DC68801A338FAA00AAF16D /* TextFieldSendView.swift */ = {isa = PBXFileReference; fileEncoding = 4; lastKnownFileType = sourcecode.swift; name = TextFieldSendView.swift; path = ../WeshApp/TextFieldSendView.swift; sourceTree = "<group>"; };
		D8DC68871A33910E00AAF16D /* NSManagedObject.swift */ = {isa = PBXFileReference; fileEncoding = 4; lastKnownFileType = sourcecode.swift; path = NSManagedObject.swift; sourceTree = "<group>"; };
/* End PBXFileReference section */

/* Begin PBXFrameworksBuildPhase section */
		B36E683E1A6C3AF7002B951A /* Frameworks */ = {
			isa = PBXFrameworksBuildPhase;
			buildActionMask = 2147483647;
			files = (
			);
			runOnlyForDeploymentPostprocessing = 0;
		};
		B3D9F59E19F93AA400BF6257 /* Frameworks */ = {
			isa = PBXFrameworksBuildPhase;
			buildActionMask = 2147483647;
			files = (
				B36E68591A6C3AF7002B951A /* Designables.framework in Frameworks */,
				D8DC68671A337CC800AAF16D /* WeshAppLibrary.framework in Frameworks */,
			);
			runOnlyForDeploymentPostprocessing = 0;
		};
		B3D9F5B619F93AA400BF6257 /* Frameworks */ = {
			isa = PBXFrameworksBuildPhase;
			buildActionMask = 2147483647;
			files = (
			);
			runOnlyForDeploymentPostprocessing = 0;
		};
		D8DC684C1A337CC800AAF16D /* Frameworks */ = {
			isa = PBXFrameworksBuildPhase;
			buildActionMask = 2147483647;
			files = (
			);
			runOnlyForDeploymentPostprocessing = 0;
		};
/* End PBXFrameworksBuildPhase section */

/* Begin PBXGroup section */
		B36E68431A6C3AF7002B951A /* Designables */ = {
			isa = PBXGroup;
			children = (
				D885E8931A8F7C0C00BD8E48 /* WeshappMsgIconSK.swift */,
				D885E8951A8F7C1F00BD8E48 /* MsgIcon.swift */,
				D885E8911A8F754500BD8E48 /* WeshappFriendRequestSK.swift */,
				D885E88F1A8F74F000BD8E48 /* FriendRequest.swift */,
				D885E88B1A8F691A00BD8E48 /* WeshappPlayPauseSK.swift */,
				D885E88D1A8F695800BD8E48 /* PlayPause.swift */,
				D877FA8C1A87B6EB00C0334B /* WeshappChevronSK.swift */,
				D877FA8E1A87B71500C0334B /* Chevron.swift */,
				D8D2A1021A84DF32008DC0AF /* WeshappRedButtonSK.swift */,
				B31FB3BE1A6DA91C00A2D734 /* WeshappRedButton.swift */,
				B36E68461A6C3AF7002B951A /* Designables.h */,
				D89144A41A71485F008D8D75 /* CrossIconSK.swift */,
				D89144A21A714436008D8D75 /* CrossBarItem.swift */,
				D8DC687B1A338FAA00AAF16D /* BorderTextView.swift */,
				D8DC687C1A338FAA00AAF16D /* GreenButton.swift */,
				D8DC687F1A338FAA00AAF16D /* OrangeButton.swift */,
				D8DC68801A338FAA00AAF16D /* TextFieldSendView.swift */,
				B36E68611A6C3B88002B951A /* WeshappTextField.swift */,
				B36E68441A6C3AF7002B951A /* Supporting Files */,
				B32E559F1A74EC13007F88B0 /* WeshappNavBar.swift */,
				D87D58FD1A7A536C002ADA13 /* WeshappSegControl.swift */,
				D87051891A7C3E000081484A /* WeshappLabel.swift */,
			);
			path = Designables;
			sourceTree = "<group>";
		};
		B36E68441A6C3AF7002B951A /* Supporting Files */ = {
			isa = PBXGroup;
			children = (
				B36E68451A6C3AF7002B951A /* Info.plist */,
			);
			name = "Supporting Files";
			sourceTree = "<group>";
		};
		B36E68631A6C4798002B951A /* Titillium */ = {
			isa = PBXGroup;
			children = (
				B36E68641A6C4798002B951A /* TitilliumText25L.otf */,
				B36E68651A6C4798002B951A /* TitilliumText25L001.otf */,
				B36E68661A6C4798002B951A /* TitilliumText25L002.otf */,
				B36E68671A6C4798002B951A /* TitilliumText25L003.otf */,
				B36E68681A6C4798002B951A /* TitilliumText25L004.otf */,
				B36E68691A6C4798002B951A /* TitilliumText25L005.otf */,
			);
			path = Titillium;
			sourceTree = "<group>";
		};
		B3C41DA719F96F5700E1C6BD /* Images */ = {
			isa = PBXGroup;
			children = (
				D87B3B721A21305800AF3508 /* Test Images */,
			);
			name = Images;
			path = Fonts;
			sourceTree = "<group>";
		};
		B3D8495C1A01106100D4286A /* Model */ = {
			isa = PBXGroup;
			children = (
				D84BDF791A09494E004390D8 /* SessionMngr.swift */,
				B3EB823E1A028CE500235E03 /* SessionContainer.swift */,
				D8C0FD361A112C3300F40134 /* CoreDataStack.swift */,
				D8C0FD5C1A1279DE00F40134 /* ProfileMngr.swift */,
				B3B149551A65348300E08EAA /* BadgeMngr.swift */,
				D85A86561A17AFE000398153 /* PostMngr.swift */,
				D85A86601A196C3100398153 /* ChannelMngr.swift */,
				D81FE2661A224E44006F8E62 /* CoreData */,
			);
			name = Model;
			sourceTree = "<group>";
		};
		B3D9F59819F93AA400BF6257 = {
			isa = PBXGroup;
			children = (
				B3D9F5A319F93AA400BF6257 /* WeshApp */,
				B3D9F5BC19F93AA400BF6257 /* WeshAppTests */,
				D8DC68511A337CC800AAF16D /* WeshAppLibrary */,
				B36E68431A6C3AF7002B951A /* Designables */,
				B3D9F5A219F93AA400BF6257 /* Products */,
			);
			sourceTree = "<group>";
		};
		B3D9F5A219F93AA400BF6257 /* Products */ = {
			isa = PBXGroup;
			children = (
				B3D9F5A119F93AA400BF6257 /* WeshApp.app */,
				B3D9F5B919F93AA400BF6257 /* WeshAppTests.xctest */,
				D8DC68501A337CC800AAF16D /* WeshAppLibrary.framework */,
				B36E68421A6C3AF7002B951A /* Designables.framework */,
			);
			name = Products;
			sourceTree = "<group>";
		};
		B3D9F5A319F93AA400BF6257 /* WeshApp */ = {
			isa = PBXGroup;
			children = (
				B3D9F5A619F93AA400BF6257 /* AppDelegate.swift */,
				B3D8495C1A01106100D4286A /* Model */,
				D81FFDBF1A0BEBA900C6294B /* Controller */,
				B31FB3C21A6DAEC800A2D734 /* Main.storyboard */,
				B3D9F5B219F93AA400BF6257 /* LaunchScreen.xib */,
				B3D9F5B019F93AA400BF6257 /* Images.xcassets */,
				B3D9F5A419F93AA400BF6257 /* Supporting Files */,
				D81FFDC01A0BF94500C6294B /* misc */,
			);
			path = WeshApp;
			sourceTree = "<group>";
		};
		B3D9F5A419F93AA400BF6257 /* Supporting Files */ = {
			isa = PBXGroup;
			children = (
				B3C41DA719F96F5700E1C6BD /* Images */,
				B3D9F6D419F9645000BF6257 /* Fonts */,
				B3D9F5A519F93AA400BF6257 /* Info.plist */,
			);
			name = "Supporting Files";
			sourceTree = "<group>";
		};
		B3D9F5BC19F93AA400BF6257 /* WeshAppTests */ = {
			isa = PBXGroup;
			children = (
				D81FE27C1A236BC9006F8E62 /* SessionMngrTest.swift */,
				D8D9342C1A288DB00055079E /* NSManageObjectSerializationTest.swift */,
				D8C0FD541A11423B00F40134 /* TestCoreDataStack.swift */,
				D8C0FD601A127B5D00F40134 /* ProfileMngrTest.swift */,
				D85A865C1A17BFBE00398153 /* TranscriptMngrTest.swift */,
				D85A86661A1972A700398153 /* ChannelMngrTest.swift */,
				B3D9F5BD19F93AA400BF6257 /* Supporting Files */,
				D8CADF041A2E237700DD43C8 /* LocalChannelListTest.swift */,
			);
			path = WeshAppTests;
			sourceTree = "<group>";
		};
		B3D9F5BD19F93AA400BF6257 /* Supporting Files */ = {
			isa = PBXGroup;
			children = (
				B3D9F5BE19F93AA400BF6257 /* Info.plist */,
			);
			name = "Supporting Files";
			sourceTree = "<group>";
		};
		B3D9F6D419F9645000BF6257 /* Fonts */ = {
			isa = PBXGroup;
			children = (
				B36E68631A6C4798002B951A /* Titillium */,
			);
			path = Fonts;
			sourceTree = "<group>";
		};
		D81FE2661A224E44006F8E62 /* CoreData */ = {
			isa = PBXGroup;
			children = (
				B362BD011A5A667D0028B280 /* WeshApp.xcdatamodeld */,
				B3CB2E331A690ECE00FBFED1 /* Post.swift */,
				B3CB2E2B1A690CCD00FBFED1 /* Profile.swift */,
				B3CB2E291A690CCD00FBFED1 /* Badge.swift */,
				B3CB2E271A690CCD00FBFED1 /* Tags.swift */,
				B3CB2E251A690CCD00FBFED1 /* ProfilePhoto.swift */,
				B3CB2E231A690CCC00FBFED1 /* Channel.swift */,
			);
			name = CoreData;
			sourceTree = "<group>";
		};
		D81FFDBF1A0BEBA900C6294B /* Controller */ = {
			isa = PBXGroup;
			children = (
				B3D9F5CD19F93C4500BF6257 /* SplashVC.swift */,
				B3D6CBE819FC4E510025140E /* NearbyTVC.swift */,
				B3D6CBC419FBD7160025140E /* CreateChannelVC.swift */,
				B3D6CBF219FC5F9F0025140E /* ChannelVC.swift */,
				D8C6422D1A47594A004A604A /* ChannelWallTVC.swift */,
				D8C6425E1A4C71C2004A604A /* WallPostTableViewCell.swift */,
				B3E5E66119FD4B66000B8FB1 /* FullAddVC.swift */,
				B3E5E66319FD6226000B8FB1 /* ProfileVC.swift */,
				D8C224451A83E68F00CD083B /* ChannelTableViewCell.swift */,
			);
			name = Controller;
			sourceTree = "<group>";
		};
		D87B3B721A21305800AF3508 /* Test Images */ = {
			isa = PBXGroup;
			children = (
				D87C9BA01A2B88D1002834C3 /* messi.jpg */,
			);
			name = "Test Images";
			sourceTree = "<group>";
		};
		D8DC68511A337CC800AAF16D /* WeshAppLibrary */ = {
			isa = PBXGroup;
			children = (
				D8DC68701A337D7B00AAF16D /* ObjCWrapperFunctions.swift */,
				D8DC68871A33910E00AAF16D /* NSManagedObject.swift */,
				B35D0AF71A7252E200B95A9B /* WeshappFilters.swift */,
				D8DC68541A337CC800AAF16D /* WeshAppLibrary.h */,
				D8DC68521A337CC800AAF16D /* Supporting Files */,
			);
			path = WeshAppLibrary;
			sourceTree = "<group>";
		};
		D8DC68521A337CC800AAF16D /* Supporting Files */ = {
			isa = PBXGroup;
			children = (
				D8DC68531A337CC800AAF16D /* Info.plist */,
			);
			name = "Supporting Files";
			sourceTree = "<group>";
		};
/* End PBXGroup section */

/* Begin PBXHeadersBuildPhase section */
		B36E683F1A6C3AF7002B951A /* Headers */ = {
			isa = PBXHeadersBuildPhase;
			buildActionMask = 2147483647;
			files = (
				B36E68471A6C3AF7002B951A /* Designables.h in Headers */,
			);
			runOnlyForDeploymentPostprocessing = 0;
		};
		D8DC684D1A337CC800AAF16D /* Headers */ = {
			isa = PBXHeadersBuildPhase;
			buildActionMask = 2147483647;
			files = (
				D8DC68551A337CC800AAF16D /* WeshAppLibrary.h in Headers */,
			);
			runOnlyForDeploymentPostprocessing = 0;
		};
/* End PBXHeadersBuildPhase section */

/* Begin PBXNativeTarget section */
		B36E68411A6C3AF7002B951A /* Designables */ = {
			isa = PBXNativeTarget;
			buildConfigurationList = B36E685B1A6C3AF7002B951A /* Build configuration list for PBXNativeTarget "Designables" */;
			buildPhases = (
				B36E683D1A6C3AF7002B951A /* Sources */,
				B36E683E1A6C3AF7002B951A /* Frameworks */,
				B36E683F1A6C3AF7002B951A /* Headers */,
				B36E68401A6C3AF7002B951A /* Resources */,
			);
			buildRules = (
			);
			dependencies = (
			);
			name = Designables;
			productName = Designables;
			productReference = B36E68421A6C3AF7002B951A /* Designables.framework */;
			productType = "com.apple.product-type.framework";
		};
		B3D9F5A019F93AA400BF6257 /* WeshApp */ = {
			isa = PBXNativeTarget;
			buildConfigurationList = B3D9F5C319F93AA400BF6257 /* Build configuration list for PBXNativeTarget "WeshApp" */;
			buildPhases = (
				B3D9F59D19F93AA400BF6257 /* Sources */,
				B3D9F59E19F93AA400BF6257 /* Frameworks */,
				B3D9F59F19F93AA400BF6257 /* Resources */,
				D8DC686E1A337CC900AAF16D /* Embed Frameworks */,
			);
			buildRules = (
			);
			dependencies = (
				D8DC68661A337CC800AAF16D /* PBXTargetDependency */,
				B36E68581A6C3AF7002B951A /* PBXTargetDependency */,
			);
			name = WeshApp;
			productName = WeshApp;
			productReference = B3D9F5A119F93AA400BF6257 /* WeshApp.app */;
			productType = "com.apple.product-type.application";
		};
		B3D9F5B819F93AA400BF6257 /* WeshAppTests */ = {
			isa = PBXNativeTarget;
			buildConfigurationList = B3D9F5C619F93AA400BF6257 /* Build configuration list for PBXNativeTarget "WeshAppTests" */;
			buildPhases = (
				B3D9F5B519F93AA400BF6257 /* Sources */,
				B3D9F5B619F93AA400BF6257 /* Frameworks */,
				B3D9F5B719F93AA400BF6257 /* Resources */,
			);
			buildRules = (
			);
			dependencies = (
				B3D9F5BB19F93AA400BF6257 /* PBXTargetDependency */,
			);
			name = WeshAppTests;
			productName = WeshAppTests;
			productReference = B3D9F5B919F93AA400BF6257 /* WeshAppTests.xctest */;
			productType = "com.apple.product-type.bundle.unit-test";
		};
		D8DC684F1A337CC800AAF16D /* WeshAppLibrary */ = {
			isa = PBXNativeTarget;
			buildConfigurationList = D8DC686D1A337CC900AAF16D /* Build configuration list for PBXNativeTarget "WeshAppLibrary" */;
			buildPhases = (
				D8DC684B1A337CC800AAF16D /* Sources */,
				D8DC684C1A337CC800AAF16D /* Frameworks */,
				D8DC684D1A337CC800AAF16D /* Headers */,
				D8DC684E1A337CC800AAF16D /* Resources */,
			);
			buildRules = (
			);
			dependencies = (
			);
			name = WeshAppLibrary;
			productName = WeshAppLibrary;
			productReference = D8DC68501A337CC800AAF16D /* WeshAppLibrary.framework */;
			productType = "com.apple.product-type.framework";
		};
/* End PBXNativeTarget section */

/* Begin PBXProject section */
		B3D9F59919F93AA400BF6257 /* Project object */ = {
			isa = PBXProject;
			attributes = {
				LastUpgradeCheck = 0610;
				ORGANIZATIONNAME = WeshApp;
				TargetAttributes = {
					B36E68411A6C3AF7002B951A = {
						CreatedOnToolsVersion = 6.1.1;
						DevelopmentTeam = JGQSB4L9G4;
					};
					B3D9F5A019F93AA400BF6257 = {
						CreatedOnToolsVersion = 6.1;
						DevelopmentTeam = JGQSB4L9G4;
					};
					B3D9F5B819F93AA400BF6257 = {
						CreatedOnToolsVersion = 6.1;
						TestTargetID = B3D9F5A019F93AA400BF6257;
					};
					D8DC684F1A337CC800AAF16D = {
						CreatedOnToolsVersion = 6.1.1;
						DevelopmentTeam = JGQSB4L9G4;
					};
				};
			};
			buildConfigurationList = B3D9F59C19F93AA400BF6257 /* Build configuration list for PBXProject "WeshApp" */;
			compatibilityVersion = "Xcode 3.2";
			developmentRegion = English;
			hasScannedForEncodings = 0;
			knownRegions = (
				en,
				Base,
			);
			mainGroup = B3D9F59819F93AA400BF6257;
			productRefGroup = B3D9F5A219F93AA400BF6257 /* Products */;
			projectDirPath = "";
			projectRoot = "";
			targets = (
				B3D9F5A019F93AA400BF6257 /* WeshApp */,
				B3D9F5B819F93AA400BF6257 /* WeshAppTests */,
				D8DC684F1A337CC800AAF16D /* WeshAppLibrary */,
				B36E68411A6C3AF7002B951A /* Designables */,
			);
		};
/* End PBXProject section */

/* Begin PBXResourcesBuildPhase section */
		B36E68401A6C3AF7002B951A /* Resources */ = {
			isa = PBXResourcesBuildPhase;
			buildActionMask = 2147483647;
			files = (
			);
			runOnlyForDeploymentPostprocessing = 0;
		};
		B3D9F59F19F93AA400BF6257 /* Resources */ = {
			isa = PBXResourcesBuildPhase;
			buildActionMask = 2147483647;
			files = (
				B31FB3C31A6DAEC800A2D734 /* Main.storyboard in Resources */,
				B36E686D1A6C4798002B951A /* TitilliumText25L003.otf in Resources */,
				B36E686F1A6C4798002B951A /* TitilliumText25L005.otf in Resources */,
				D81FFDC11A0BF94500C6294B /* misc in Resources */,
				B36E686A1A6C4798002B951A /* TitilliumText25L.otf in Resources */,
				B36E686B1A6C4798002B951A /* TitilliumText25L001.otf in Resources */,
				B36E686E1A6C4798002B951A /* TitilliumText25L004.otf in Resources */,
				B36E686C1A6C4798002B951A /* TitilliumText25L002.otf in Resources */,
				B3D9F5B419F93AA400BF6257 /* LaunchScreen.xib in Resources */,
				B3D9F5B119F93AA400BF6257 /* Images.xcassets in Resources */,
				D87C9BA11A2B88D1002834C3 /* messi.jpg in Resources */,
			);
			runOnlyForDeploymentPostprocessing = 0;
		};
		B3D9F5B719F93AA400BF6257 /* Resources */ = {
			isa = PBXResourcesBuildPhase;
			buildActionMask = 2147483647;
			files = (
			);
			runOnlyForDeploymentPostprocessing = 0;
		};
		D8DC684E1A337CC800AAF16D /* Resources */ = {
			isa = PBXResourcesBuildPhase;
			buildActionMask = 2147483647;
			files = (
			);
			runOnlyForDeploymentPostprocessing = 0;
		};
/* End PBXResourcesBuildPhase section */

/* Begin PBXSourcesBuildPhase section */
		B36E683D1A6C3AF7002B951A /* Sources */ = {
			isa = PBXSourcesBuildPhase;
			buildActionMask = 2147483647;
			files = (
				D877FA8D1A87B6EB00C0334B /* WeshappChevronSK.swift in Sources */,
				D8D2A1031A84DF32008DC0AF /* WeshappRedButtonSK.swift in Sources */,
				B32E55A01A74EC13007F88B0 /* WeshappNavBar.swift in Sources */,
				B39062621A72875E00F6B048 /* GreenButton.swift in Sources */,
				B31FB3BF1A6DA91C00A2D734 /* WeshappRedButton.swift in Sources */,
				D877FA8F1A87B71500C0334B /* Chevron.swift in Sources */,
				D885E8941A8F7C0C00BD8E48 /* WeshappMsgIconSK.swift in Sources */,
				D885E88E1A8F695800BD8E48 /* PlayPause.swift in Sources */,
				D89144A51A71485F008D8D75 /* CrossIconSK.swift in Sources */,
				D89144A31A714436008D8D75 /* CrossBarItem.swift in Sources */,
				D885E8961A8F7C1F00BD8E48 /* MsgIcon.swift in Sources */,
				D870518A1A7C3E000081484A /* WeshappLabel.swift in Sources */,
				B36E68621A6C3B88002B951A /* WeshappTextField.swift in Sources */,
				D885E8901A8F74F000BD8E48 /* FriendRequest.swift in Sources */,
				D87D58FE1A7A536C002ADA13 /* WeshappSegControl.swift in Sources */,
				D8C224491A83E6DF00CD083B /* ChannelTableViewCell.swift in Sources */,
				D885E8921A8F754500BD8E48 /* WeshappFriendRequestSK.swift in Sources */,
				D885E88C1A8F691A00BD8E48 /* WeshappPlayPauseSK.swift in Sources */,
			);
			runOnlyForDeploymentPostprocessing = 0;
		};
		B3D9F59D19F93AA400BF6257 /* Sources */ = {
			isa = PBXSourcesBuildPhase;
			buildActionMask = 2147483647;
			files = (
				D8C6425F1A4C71C2004A604A /* WallPostTableViewCell.swift in Sources */,
				B3D6CBF319FC5F9F0025140E /* ChannelVC.swift in Sources */,
				B3CB2E281A690CCD00FBFED1 /* Tags.swift in Sources */,
				B3CB2E341A690ECE00FBFED1 /* Post.swift in Sources */,
				D8C224461A83E68F00CD083B /* ChannelTableViewCell.swift in Sources */,
				B3CB2E2C1A690CCD00FBFED1 /* Profile.swift in Sources */,
				B3CB2E241A690CCC00FBFED1 /* Channel.swift in Sources */,
				B3E5E66419FD6226000B8FB1 /* ProfileVC.swift in Sources */,
				B3CB2E261A690CCD00FBFED1 /* ProfilePhoto.swift in Sources */,
				D85A86571A17AFE000398153 /* PostMngr.swift in Sources */,
				D84BDF7A1A09494E004390D8 /* SessionMngr.swift in Sources */,
				B3E5E66219FD4B66000B8FB1 /* FullAddVC.swift in Sources */,
				B3D9F5A719F93AA400BF6257 /* AppDelegate.swift in Sources */,
				D8C6422E1A47594A004A604A /* ChannelWallTVC.swift in Sources */,
				B3D6CBE919FC4E510025140E /* NearbyTVC.swift in Sources */,
				B3D9F5CE19F93C4500BF6257 /* SplashVC.swift in Sources */,
				B3CB2E2A1A690CCD00FBFED1 /* Badge.swift in Sources */,
				D85A86611A196C3100398153 /* ChannelMngr.swift in Sources */,
				B3B149561A65348300E08EAA /* BadgeMngr.swift in Sources */,
				B3D6CBC519FBD7160025140E /* CreateChannelVC.swift in Sources */,
				D8C0FD371A112C3300F40134 /* CoreDataStack.swift in Sources */,
				D8C0FD5D1A1279DE00F40134 /* ProfileMngr.swift in Sources */,
				B3EB823F1A028CE500235E03 /* SessionContainer.swift in Sources */,
				B362BD031A5A667D0028B280 /* WeshApp.xcdatamodeld in Sources */,
			);
			runOnlyForDeploymentPostprocessing = 0;
		};
		B3D9F5B519F93AA400BF6257 /* Sources */ = {
			isa = PBXSourcesBuildPhase;
			buildActionMask = 2147483647;
			files = (
				D8C0FD6D1A12855200F40134 /* TestCoreDataStack.swift in Sources */,
				D8C224471A83E6DE00CD083B /* ChannelTableViewCell.swift in Sources */,
				D81FE27E1A237266006F8E62 /* SessionMngr.swift in Sources */,
				D871CB591A1FD9890024C7B7 /* CoreDataStack.swift in Sources */,
				D8DA2A381A693F600098C5E6 /* Profile.swift in Sources */,
				D871CB5A1A1FD9890024C7B7 /* PostMngr.swift in Sources */,
				B3B149571A65348300E08EAA /* BadgeMngr.swift in Sources */,
				D8C642261A46074E004A604A /* ChannelVC.swift in Sources */,
				D871CB581A1FD97E0024C7B7 /* ProfileMngr.swift in Sources */,
				D8DA2A361A693F4F0098C5E6 /* Badge.swift in Sources */,
				D8DA2A3A1A693F660098C5E6 /* ProfilePhoto.swift in Sources */,
				D8D9342D1A288DB00055079E /* NSManageObjectSerializationTest.swift in Sources */,
				D81FE27F1A2377B4006F8E62 /* SessionContainer.swift in Sources */,
				D8CADF051A2E237700DD43C8 /* LocalChannelListTest.swift in Sources */,
				D85A86671A1972A700398153 /* ChannelMngrTest.swift in Sources */,
				D8C642601A4C7725004A604A /* WallPostTableViewCell.swift in Sources */,
				D8DA2A371A693F520098C5E6 /* Channel.swift in Sources */,
				D81FE27D1A236BC9006F8E62 /* SessionMngrTest.swift in Sources */,
				D871CB5B1A1FD9890024C7B7 /* ChannelMngr.swift in Sources */,
				D8C6422F1A47594A004A604A /* ChannelWallTVC.swift in Sources */,
				D8CADF0A1A2F311E00DD43C8 /* NearbyTVC.swift in Sources */,
				D8CADF0B1A2F313600DD43C8 /* AppDelegate.swift in Sources */,
				D8DA2A391A693F630098C5E6 /* Tags.swift in Sources */,
				D85A865D1A17BFBE00398153 /* TranscriptMngrTest.swift in Sources */,
				D8C0FD611A127B5D00F40134 /* ProfileMngrTest.swift in Sources */,
				D8DA2A351A693F410098C5E6 /* Post.swift in Sources */,
			);
			runOnlyForDeploymentPostprocessing = 0;
		};
		D8DC684B1A337CC800AAF16D /* Sources */ = {
			isa = PBXSourcesBuildPhase;
			buildActionMask = 2147483647;
			files = (
				B35D0AF81A7252E200B95A9B /* WeshappFilters.swift in Sources */,
				D8C224481A83E6DF00CD083B /* ChannelTableViewCell.swift in Sources */,
				D8DC68861A338FAA00AAF16D /* TextFieldSendView.swift in Sources */,
				D8DC68851A338FAA00AAF16D /* OrangeButton.swift in Sources */,
				D8DC68711A337D7B00AAF16D /* ObjCWrapperFunctions.swift in Sources */,
				D8DC68881A33910E00AAF16D /* NSManagedObject.swift in Sources */,
				D8DC68821A338FAA00AAF16D /* GreenButton.swift in Sources */,
				D8DC68811A338FAA00AAF16D /* BorderTextView.swift in Sources */,
			);
			runOnlyForDeploymentPostprocessing = 0;
		};
/* End PBXSourcesBuildPhase section */

/* Begin PBXTargetDependency section */
		B36E68581A6C3AF7002B951A /* PBXTargetDependency */ = {
			isa = PBXTargetDependency;
			target = B36E68411A6C3AF7002B951A /* Designables */;
			targetProxy = B36E68571A6C3AF7002B951A /* PBXContainerItemProxy */;
		};
		B3D9F5BB19F93AA400BF6257 /* PBXTargetDependency */ = {
			isa = PBXTargetDependency;
			target = B3D9F5A019F93AA400BF6257 /* WeshApp */;
			targetProxy = B3D9F5BA19F93AA400BF6257 /* PBXContainerItemProxy */;
		};
		D8DC68661A337CC800AAF16D /* PBXTargetDependency */ = {
			isa = PBXTargetDependency;
			target = D8DC684F1A337CC800AAF16D /* WeshAppLibrary */;
			targetProxy = D8DC68651A337CC800AAF16D /* PBXContainerItemProxy */;
		};
/* End PBXTargetDependency section */

/* Begin PBXVariantGroup section */
		B3D9F5B219F93AA400BF6257 /* LaunchScreen.xib */ = {
			isa = PBXVariantGroup;
			children = (
				B3D9F5B319F93AA400BF6257 /* Base */,
			);
			name = LaunchScreen.xib;
			sourceTree = "<group>";
		};
/* End PBXVariantGroup section */

/* Begin XCBuildConfiguration section */
		B36E685C1A6C3AF7002B951A /* Debug */ = {
			isa = XCBuildConfiguration;
			buildSettings = {
				CLANG_ENABLE_MODULES = YES;
				CODE_SIGN_IDENTITY = "iPhone Developer";
				"CODE_SIGN_IDENTITY[sdk=iphoneos*]" = "iPhone Developer";
				CURRENT_PROJECT_VERSION = 1;
				DEFINES_MODULE = YES;
				DYLIB_COMPATIBILITY_VERSION = 1;
				DYLIB_CURRENT_VERSION = 1;
				DYLIB_INSTALL_NAME_BASE = "@rpath";
				GCC_PREPROCESSOR_DEFINITIONS = (
					"DEBUG=1",
					"$(inherited)",
				);
				INFOPLIST_FILE = Designables/Info.plist;
				INSTALL_PATH = "$(LOCAL_LIBRARY_DIR)/Frameworks";
				LD_RUNPATH_SEARCH_PATHS = "$(inherited) @executable_path/Frameworks @loader_path/Frameworks";
				PRODUCT_NAME = "$(TARGET_NAME)";
				SKIP_INSTALL = YES;
				SWIFT_OPTIMIZATION_LEVEL = "-Onone";
				VERSIONING_SYSTEM = "apple-generic";
				VERSION_INFO_PREFIX = "";
			};
			name = Debug;
		};
		B36E685D1A6C3AF7002B951A /* Release */ = {
			isa = XCBuildConfiguration;
			buildSettings = {
				CLANG_ENABLE_MODULES = YES;
				CODE_SIGN_IDENTITY = "iPhone Developer";
				"CODE_SIGN_IDENTITY[sdk=iphoneos*]" = "iPhone Developer";
				CURRENT_PROJECT_VERSION = 1;
				DEFINES_MODULE = YES;
				DYLIB_COMPATIBILITY_VERSION = 1;
				DYLIB_CURRENT_VERSION = 1;
				DYLIB_INSTALL_NAME_BASE = "@rpath";
				INFOPLIST_FILE = Designables/Info.plist;
				INSTALL_PATH = "$(LOCAL_LIBRARY_DIR)/Frameworks";
				LD_RUNPATH_SEARCH_PATHS = "$(inherited) @executable_path/Frameworks @loader_path/Frameworks";
				PRODUCT_NAME = "$(TARGET_NAME)";
				SKIP_INSTALL = YES;
				VERSIONING_SYSTEM = "apple-generic";
				VERSION_INFO_PREFIX = "";
			};
			name = Release;
		};
		B3D9F5C119F93AA400BF6257 /* Debug */ = {
			isa = XCBuildConfiguration;
			buildSettings = {
				ALWAYS_SEARCH_USER_PATHS = NO;
				CLANG_CXX_LANGUAGE_STANDARD = "gnu++0x";
				CLANG_CXX_LIBRARY = "libc++";
				CLANG_ENABLE_MODULES = YES;
				CLANG_ENABLE_OBJC_ARC = YES;
				CLANG_WARN_BOOL_CONVERSION = YES;
				CLANG_WARN_CONSTANT_CONVERSION = YES;
				CLANG_WARN_DIRECT_OBJC_ISA_USAGE = YES_ERROR;
				CLANG_WARN_EMPTY_BODY = YES;
				CLANG_WARN_ENUM_CONVERSION = YES;
				CLANG_WARN_INT_CONVERSION = YES;
				CLANG_WARN_OBJC_ROOT_CLASS = YES_ERROR;
				CLANG_WARN_UNREACHABLE_CODE = YES;
				CLANG_WARN__DUPLICATE_METHOD_MATCH = YES;
				"CODE_SIGN_IDENTITY[sdk=iphoneos*]" = "iPhone Developer";
				COPY_PHASE_STRIP = NO;
				ENABLE_STRICT_OBJC_MSGSEND = YES;
				GCC_C_LANGUAGE_STANDARD = gnu99;
				GCC_DYNAMIC_NO_PIC = NO;
				GCC_OPTIMIZATION_LEVEL = 0;
				GCC_PREPROCESSOR_DEFINITIONS = (
					"DEBUG=1",
					"$(inherited)",
				);
				GCC_SYMBOLS_PRIVATE_EXTERN = NO;
				GCC_WARN_64_TO_32_BIT_CONVERSION = YES;
				GCC_WARN_ABOUT_RETURN_TYPE = YES_ERROR;
				GCC_WARN_UNDECLARED_SELECTOR = YES;
				GCC_WARN_UNINITIALIZED_AUTOS = YES_AGGRESSIVE;
				GCC_WARN_UNUSED_FUNCTION = YES;
				GCC_WARN_UNUSED_VARIABLE = YES;
				IPHONEOS_DEPLOYMENT_TARGET = 8.1;
				MTL_ENABLE_DEBUG_INFO = YES;
				ONLY_ACTIVE_ARCH = YES;
				SDKROOT = iphoneos;
				SWIFT_OPTIMIZATION_LEVEL = "-Onone";
				TARGETED_DEVICE_FAMILY = "1,2";
			};
			name = Debug;
		};
		B3D9F5C219F93AA400BF6257 /* Release */ = {
			isa = XCBuildConfiguration;
			buildSettings = {
				ALWAYS_SEARCH_USER_PATHS = NO;
				CLANG_CXX_LANGUAGE_STANDARD = "gnu++0x";
				CLANG_CXX_LIBRARY = "libc++";
				CLANG_ENABLE_MODULES = YES;
				CLANG_ENABLE_OBJC_ARC = YES;
				CLANG_WARN_BOOL_CONVERSION = YES;
				CLANG_WARN_CONSTANT_CONVERSION = YES;
				CLANG_WARN_DIRECT_OBJC_ISA_USAGE = YES_ERROR;
				CLANG_WARN_EMPTY_BODY = YES;
				CLANG_WARN_ENUM_CONVERSION = YES;
				CLANG_WARN_INT_CONVERSION = YES;
				CLANG_WARN_OBJC_ROOT_CLASS = YES_ERROR;
				CLANG_WARN_UNREACHABLE_CODE = YES;
				CLANG_WARN__DUPLICATE_METHOD_MATCH = YES;
				"CODE_SIGN_IDENTITY[sdk=iphoneos*]" = "iPhone Developer";
				COPY_PHASE_STRIP = YES;
				ENABLE_NS_ASSERTIONS = NO;
				ENABLE_STRICT_OBJC_MSGSEND = YES;
				GCC_C_LANGUAGE_STANDARD = gnu99;
				GCC_WARN_64_TO_32_BIT_CONVERSION = YES;
				GCC_WARN_ABOUT_RETURN_TYPE = YES_ERROR;
				GCC_WARN_UNDECLARED_SELECTOR = YES;
				GCC_WARN_UNINITIALIZED_AUTOS = YES_AGGRESSIVE;
				GCC_WARN_UNUSED_FUNCTION = YES;
				GCC_WARN_UNUSED_VARIABLE = YES;
				IPHONEOS_DEPLOYMENT_TARGET = 8.1;
				MTL_ENABLE_DEBUG_INFO = NO;
				SDKROOT = iphoneos;
				TARGETED_DEVICE_FAMILY = "1,2";
				VALIDATE_PRODUCT = YES;
			};
			name = Release;
		};
		B3D9F5C419F93AA400BF6257 /* Debug */ = {
			isa = XCBuildConfiguration;
			buildSettings = {
				ASSETCATALOG_COMPILER_APPICON_NAME = AppIcon;
				CODE_SIGN_IDENTITY = "iPhone Developer";
				"CODE_SIGN_IDENTITY[sdk=iphoneos*]" = "iPhone Developer";
				INFOPLIST_FILE = WeshApp/Info.plist;
				LD_RUNPATH_SEARCH_PATHS = "$(inherited) @executable_path/Frameworks";
				PRODUCT_NAME = "$(TARGET_NAME)";
				PROVISIONING_PROFILE = "";
			};
			name = Debug;
		};
		B3D9F5C519F93AA400BF6257 /* Release */ = {
			isa = XCBuildConfiguration;
			buildSettings = {
				ASSETCATALOG_COMPILER_APPICON_NAME = AppIcon;
				CODE_SIGN_IDENTITY = "iPhone Developer";
				"CODE_SIGN_IDENTITY[sdk=iphoneos*]" = "iPhone Developer";
				INFOPLIST_FILE = WeshApp/Info.plist;
				LD_RUNPATH_SEARCH_PATHS = "$(inherited) @executable_path/Frameworks";
				PRODUCT_NAME = "$(TARGET_NAME)";
				PROVISIONING_PROFILE = "";
			};
			name = Release;
		};
		B3D9F5C719F93AA400BF6257 /* Debug */ = {
			isa = XCBuildConfiguration;
			buildSettings = {
				BUNDLE_LOADER = "$(TEST_HOST)";
				CLANG_ENABLE_MODULES = YES;
				FRAMEWORK_SEARCH_PATHS = (
					"$(SDKROOT)/Developer/Library/Frameworks",
					"$(inherited)",
				);
				GCC_PREPROCESSOR_DEFINITIONS = (
					"DEBUG=1",
					"$(inherited)",
				);
				INFOPLIST_FILE = WeshAppTests/Info.plist;
				LD_RUNPATH_SEARCH_PATHS = "$(inherited) @executable_path/Frameworks @loader_path/Frameworks";
				PRODUCT_NAME = "$(TARGET_NAME)";
				SWIFT_OPTIMIZATION_LEVEL = "-Onone";
				TEST_HOST = "$(BUILT_PRODUCTS_DIR)/WeshApp.app/WeshApp";
			};
			name = Debug;
		};
		B3D9F5C819F93AA400BF6257 /* Release */ = {
			isa = XCBuildConfiguration;
			buildSettings = {
				BUNDLE_LOADER = "$(TEST_HOST)";
				CLANG_ENABLE_MODULES = YES;
				FRAMEWORK_SEARCH_PATHS = (
					"$(SDKROOT)/Developer/Library/Frameworks",
					"$(inherited)",
				);
				INFOPLIST_FILE = WeshAppTests/Info.plist;
				LD_RUNPATH_SEARCH_PATHS = "$(inherited) @executable_path/Frameworks @loader_path/Frameworks";
				PRODUCT_NAME = "$(TARGET_NAME)";
				TEST_HOST = "$(BUILT_PRODUCTS_DIR)/WeshApp.app/WeshApp";
			};
			name = Release;
		};
		D8DC68691A337CC900AAF16D /* Debug */ = {
			isa = XCBuildConfiguration;
			buildSettings = {
				CLANG_ENABLE_MODULES = YES;
				CURRENT_PROJECT_VERSION = 1;
				DEFINES_MODULE = YES;
				DYLIB_COMPATIBILITY_VERSION = 1;
				DYLIB_CURRENT_VERSION = 1;
				DYLIB_INSTALL_NAME_BASE = "@rpath";
				GCC_PREPROCESSOR_DEFINITIONS = (
					"DEBUG=1",
					"$(inherited)",
				);
				INFOPLIST_FILE = WeshAppLibrary/Info.plist;
				INSTALL_PATH = "$(LOCAL_LIBRARY_DIR)/Frameworks";
				LD_RUNPATH_SEARCH_PATHS = "$(inherited) @executable_path/Frameworks @loader_path/Frameworks";
				PRODUCT_NAME = "$(TARGET_NAME)";
				SKIP_INSTALL = YES;
				SWIFT_OPTIMIZATION_LEVEL = "-Onone";
				VERSIONING_SYSTEM = "apple-generic";
				VERSION_INFO_PREFIX = "";
			};
			name = Debug;
		};
		D8DC686A1A337CC900AAF16D /* Release */ = {
			isa = XCBuildConfiguration;
			buildSettings = {
				CLANG_ENABLE_MODULES = YES;
				CURRENT_PROJECT_VERSION = 1;
				DEFINES_MODULE = YES;
				DYLIB_COMPATIBILITY_VERSION = 1;
				DYLIB_CURRENT_VERSION = 1;
				DYLIB_INSTALL_NAME_BASE = "@rpath";
				INFOPLIST_FILE = WeshAppLibrary/Info.plist;
				INSTALL_PATH = "$(LOCAL_LIBRARY_DIR)/Frameworks";
				LD_RUNPATH_SEARCH_PATHS = "$(inherited) @executable_path/Frameworks @loader_path/Frameworks";
				PRODUCT_NAME = "$(TARGET_NAME)";
				SKIP_INSTALL = YES;
				VERSIONING_SYSTEM = "apple-generic";
				VERSION_INFO_PREFIX = "";
			};
			name = Release;
		};
/* End XCBuildConfiguration section */

/* Begin XCConfigurationList section */
		B36E685B1A6C3AF7002B951A /* Build configuration list for PBXNativeTarget "Designables" */ = {
			isa = XCConfigurationList;
			buildConfigurations = (
				B36E685C1A6C3AF7002B951A /* Debug */,
				B36E685D1A6C3AF7002B951A /* Release */,
			);
			defaultConfigurationIsVisible = 0;
			defaultConfigurationName = Release;
		};
		B3D9F59C19F93AA400BF6257 /* Build configuration list for PBXProject "WeshApp" */ = {
			isa = XCConfigurationList;
			buildConfigurations = (
				B3D9F5C119F93AA400BF6257 /* Debug */,
				B3D9F5C219F93AA400BF6257 /* Release */,
			);
			defaultConfigurationIsVisible = 0;
			defaultConfigurationName = Release;
		};
		B3D9F5C319F93AA400BF6257 /* Build configuration list for PBXNativeTarget "WeshApp" */ = {
			isa = XCConfigurationList;
			buildConfigurations = (
				B3D9F5C419F93AA400BF6257 /* Debug */,
				B3D9F5C519F93AA400BF6257 /* Release */,
			);
			defaultConfigurationIsVisible = 0;
			defaultConfigurationName = Release;
		};
		B3D9F5C619F93AA400BF6257 /* Build configuration list for PBXNativeTarget "WeshAppTests" */ = {
			isa = XCConfigurationList;
			buildConfigurations = (
				B3D9F5C719F93AA400BF6257 /* Debug */,
				B3D9F5C819F93AA400BF6257 /* Release */,
			);
			defaultConfigurationIsVisible = 0;
			defaultConfigurationName = Release;
		};
		D8DC686D1A337CC900AAF16D /* Build configuration list for PBXNativeTarget "WeshAppLibrary" */ = {
			isa = XCConfigurationList;
			buildConfigurations = (
				D8DC68691A337CC900AAF16D /* Debug */,
				D8DC686A1A337CC900AAF16D /* Release */,
			);
			defaultConfigurationIsVisible = 0;
			defaultConfigurationName = Release;
		};
/* End XCConfigurationList section */

/* Begin XCVersionGroup section */
		B362BD011A5A667D0028B280 /* WeshApp.xcdatamodeld */ = {
			isa = XCVersionGroup;
			children = (
				B362BD021A5A667D0028B280 /* WeshApp.xcdatamodel */,
			);
			currentVersion = B362BD021A5A667D0028B280 /* WeshApp.xcdatamodel */;
			path = WeshApp.xcdatamodeld;
			sourceTree = "<group>";
			versionGroupType = wrapper.xcdatamodel;
		};
/* End XCVersionGroup section */
	};
	rootObject = B3D9F59919F93AA400BF6257 /* Project object */;
}
